{
  "version": 4,
  "terraform_version": "0.12.4",
  "serial": 4,
  "lineage": "6e09280d-f40f-6038-ad6e-80ac36b70bef",
  "outputs": {},
  "resources": [
    {
      "mode": "managed",
      "type": "aws_instance",
      "name": "app",
      "provider": "provider.aws",
      "instances": [
        {
          "schema_version": 1,
          "attributes": {
            "ami": "ami-00c4c5c99df100e1d",
            "arn": "arn:aws:ec2:us-west-1:001613358280:instance/i-0ff1e0666a4a375bb",
            "associate_public_ip_address": true,
            "availability_zone": "us-west-1c",
            "cpu_core_count": 1,
            "cpu_threads_per_core": 1,
            "credit_specification": [
              {
                "cpu_credits": "standard"
              }
            ],
            "disable_api_termination": false,
            "ebs_block_device": [],
            "ebs_optimized": false,
            "ephemeral_block_device": [],
            "get_password_data": false,
            "host_id": null,
            "iam_instance_profile": "",
            "id": "i-0ff1e0666a4a375bb",
            "instance_initiated_shutdown_behavior": null,
            "instance_state": "running",
            "instance_type": "t2.micro",
            "ipv6_address_count": 0,
            "ipv6_addresses": [],
            "key_name": "",
            "monitoring": false,
            "network_interface": [],
            "network_interface_id": null,
            "password_data": "",
            "placement_group": "",
            "primary_network_interface_id": "eni-0c3b2ebacb32f12e6",
            "private_dns": "ip-172-31-24-59.us-west-1.compute.internal",
            "private_ip": "172.31.24.59",
            "public_dns": "ec2-54-193-27-30.us-west-1.compute.amazonaws.com",
            "public_ip": "54.193.27.30",
            "root_block_device": [
              {
                "delete_on_termination": true,
                "iops": 0,
                "volume_id": "vol-01994c1187b2c8e44",
                "volume_size": 2,
                "volume_type": "standard"
              }
            ],
            "security_groups": [
              "default"
            ],
            "source_dest_check": true,
            "subnet_id": "subnet-0ed4c53a1a6ca5d64",
            "tags": {},
            "tenancy": "default",
            "timeouts": null,
            "user_data": null,
            "user_data_base64": null,
            "volume_tags": {},
            "vpc_security_group_ids": [
              "sg-0aee516e77d218466"
            ]
          },
          "private": "eyJlMmJmYjczMC1lY2FhLTExZTYtOGY4OC0zNDM2M2JjN2M0YzAiOnsiY3JlYXRlIjo2MDAwMDAwMDAwMDAsImRlbGV0ZSI6MTIwMDAwMDAwMDAwMCwidXBkYXRlIjo2MDAwMDAwMDAwMDB9LCJzY2hlbWFfdmVyc2lvbiI6IjEifQ=="
        }
      ]
    }
  ]
}
